
Microsoft Visual Studio Solution File, Format Version 12.00
# Visual Studio Version 17
VisualStudioVersion = 17.7.34009.444
MinimumVisualStudioVersion = 10.0.40219.1
Project("{54A90642-561A-4BB1-A94E-469ADEE60C69}") = "HealthCheck", "HealthCheck\HealthCheck.esproj", "{DC37CEDC-59D0-4BA9-A412-B5E41C1933D8}"
EndProject
Project("{FAE04EC0-301F-11D3-BF4B-00C04F79EFBC}") = "HealthCheckAPI", "HealthCheckAPI\HealthCheckAPI.csproj", "{BC04522B-2D97-4E4C-999C-7DC6A4F63B2D}"
EndProject
Global
	GlobalSection(SolutionConfigurationPlatforms) = preSolution
		Debug|Any CPU = Debug|Any CPU
		Release|Any CPU = Release|Any CPU
	EndGlobalSection
	GlobalSection(ProjectConfigurationPlatforms) = postSolution
		{DC37CEDC-59D0-4BA9-A412-B5E41C1933D8}.Debug|Any CPU.ActiveCfg = Debug|Any CPU
		{DC37CEDC-59D0-4BA9-A412-B5E41C1933D8}.Debug|Any CPU.Build.0 = Debug|Any CPU
		{DC37CEDC-59D0-4BA9-A412-B5E41C1933D8}.Debug|Any CPU.Deploy.0 = Debug|Any CPU
		{DC37CEDC-59D0-4BA9-A412-B5E41C1933D8}.Release|Any CPU.ActiveCfg = Release|Any CPU
		{DC37CEDC-59D0-4BA9-A412-B5E41C1933D8}.Release|Any CPU.Build.0 = Release|Any CPU
		{DC37CEDC-59D0-4BA9-A412-B5E41C1933D8}.Release|Any CPU.Deploy.0 = Release|Any CPU
		{BC04522B-2D97-4E4C-999C-7DC6A4F63B2D}.Debug|Any CPU.ActiveCfg = Debug|Any CPU
		{BC04522B-2D97-4E4C-999C-7DC6A4F63B2D}.Debug|Any CPU.Build.0 = Debug|Any CPU
		{BC04522B-2D97-4E4C-999C-7DC6A4F63B2D}.Release|Any CPU.ActiveCfg = Release|Any CPU
		{BC04522B-2D97-4E4C-999C-7DC6A4F63B2D}.Release|Any CPU.Build.0 = Release|Any CPU
	EndGlobalSection
	GlobalSection(SolutionProperties) = preSolution
		HideSolutionNode = FALSE
	EndGlobalSection
	GlobalSection(ExtensibilityGlobals) = postSolution
		SolutionGuid = {C7FF95EE-664F-43BF-938C-8CED19E8539B}
	EndGlobalSection
EndGlobal
